
Microsoft Visual Studio Solution File, Format Version 12.00
# Visual Studio Version 16
VisualStudioVersion = 16.0.33214.272
MinimumVisualStudioVersion = 10.0.40219.1
Project("{FAE04EC0-301F-11D3-BF4B-00C04F79EFBC}") = "DesafioMatriz", "DesafioMatriz\DesafioMatriz.csproj", "{41DA09C3-7B51-494F-BC2E-9826CD82BE40}"
EndProject
Global
	GlobalSection(SolutionConfigurationPlatforms) = preSolution
		Debug|Any CPU = Debug|Any CPU
		Release|Any CPU = Release|Any CPU
	EndGlobalSection
	GlobalSection(ProjectConfigurationPlatforms) = postSolution
		{41DA09C3-7B51-494F-BC2E-9826CD82BE40}.Debug|Any CPU.ActiveCfg = Debug|Any CPU
		{41DA09C3-7B51-494F-BC2E-9826CD82BE40}.Debug|Any CPU.Build.0 = Debug|Any CPU
		{41DA09C3-7B51-494F-BC2E-9826CD82BE40}.Release|Any CPU.ActiveCfg = Release|Any CPU
		{41DA09C3-7B51-494F-BC2E-9826CD82BE40}.Release|Any CPU.Build.0 = Release|Any CPU
	EndGlobalSection
	GlobalSection(SolutionProperties) = preSolution
		HideSolutionNode = FALSE
	EndGlobalSection
	GlobalSection(ExtensibilityGlobals) = postSolution
		SolutionGuid = {78744392-1C60-4973-B510-F3ED2C59159F}
	EndGlobalSection
EndGlobal
